
Microsoft Visual Studio Solution File, Format Version 12.00
# Visual Studio 15
VisualStudioVersion = 15.0.27004.2009
MinimumVisualStudioVersion = 10.0.40219.1
Project("{2150E333-8FDC-42A3-9474-1A3956D46DE8}") = "FirstWindowsApp", "FirstWindowsApp", "{9ADFD5BD-31BA-4478-8806-6ECEE97EBB92}"
EndProject
Project("{FAE04EC0-301F-11D3-BF4B-00C04F79EFBC}") = "FirstWindowsApp", "FirstWindowsApp\FirstWindowsApp.csproj", "{6AD11A21-65BE-4B68-B3DD-FBFE3014532B}"
EndProject
Project("{2150E333-8FDC-42A3-9474-1A3956D46DE8}") = "Structs", "Structs", "{41D4A476-2AC4-4157-9543-8161854B2A01}"
EndProject
Project("{FAE04EC0-301F-11D3-BF4B-00C04F79EFBC}") = "StructApp", "StructApp\StructApp.csproj", "{A22F93BA-F336-44AF-8DC4-9FB58EC3477D}"
EndProject
Global
	GlobalSection(SolutionConfigurationPlatforms) = preSolution
		Debug|Any CPU = Debug|Any CPU
		Release|Any CPU = Release|Any CPU
	EndGlobalSection
	GlobalSection(ProjectConfigurationPlatforms) = postSolution
		{6AD11A21-65BE-4B68-B3DD-FBFE3014532B}.Debug|Any CPU.ActiveCfg = Debug|Any CPU
		{6AD11A21-65BE-4B68-B3DD-FBFE3014532B}.Debug|Any CPU.Build.0 = Debug|Any CPU
		{6AD11A21-65BE-4B68-B3DD-FBFE3014532B}.Release|Any CPU.ActiveCfg = Release|Any CPU
		{6AD11A21-65BE-4B68-B3DD-FBFE3014532B}.Release|Any CPU.Build.0 = Release|Any CPU
		{A22F93BA-F336-44AF-8DC4-9FB58EC3477D}.Debug|Any CPU.ActiveCfg = Debug|Any CPU
		{A22F93BA-F336-44AF-8DC4-9FB58EC3477D}.Debug|Any CPU.Build.0 = Debug|Any CPU
		{A22F93BA-F336-44AF-8DC4-9FB58EC3477D}.Release|Any CPU.ActiveCfg = Release|Any CPU
		{A22F93BA-F336-44AF-8DC4-9FB58EC3477D}.Release|Any CPU.Build.0 = Release|Any CPU
	EndGlobalSection
	GlobalSection(SolutionProperties) = preSolution
		HideSolutionNode = FALSE
	EndGlobalSection
	GlobalSection(NestedProjects) = preSolution
		{6AD11A21-65BE-4B68-B3DD-FBFE3014532B} = {9ADFD5BD-31BA-4478-8806-6ECEE97EBB92}
		{A22F93BA-F336-44AF-8DC4-9FB58EC3477D} = {41D4A476-2AC4-4157-9543-8161854B2A01}
	EndGlobalSection
	GlobalSection(ExtensibilityGlobals) = postSolution
		SolutionGuid = {1889E1A3-2771-455A-B917-4C24AA54B88E}
	EndGlobalSection
EndGlobal
